GEM
  remote: https://rubygems.org/
  specs:
    chef-utils (19.3.15)
      concurrent-ruby
    concurrent-ruby (1.3.8)
    kramdown (2.5.2)
      rexml (>= 3.4.4)
    kramdown-parser-gfm (1.1.0)
      kramdown (~> 2.0)
    mdl (0.18.1)
      kramdown (~> 2.5)
      kramdown-parser-gfm (~> 1.1)
      mixlib-cli
      mixlib-config
      mixlib-shellout
      uri
    mixlib-cli (2.1.8)
    mixlib-config (3.0.27)
      tomlrb
    mixlib-shellout (3.4.10)
      chef-utils
    rexml (3.4.4)
    tomlrb (2.0.4)
    uri (1.1.1)

PLATFORMS
  arm64-darwin-27
  ruby
  x86_64-linux

DEPENDENCIES
  mdl

CHECKSUMS
  chef-utils (19.3.15) sha256=1c537a9c85b55b6d897de8e8af6b66b017a6dfae2b5e7b25e0bf320637e0b86a
  concurrent-ruby (1.3.8) sha256=b2f1be836e968ccc78ccfce277ea79c72a88633f22306782c16ff23fb415d1e1
  kramdown (2.5.2) sha256=1ba542204c66b6f9111ff00dcc26075b95b220b07f2905d8261740c82f7f02fa
  kramdown-parser-gfm (1.1.0) sha256=fb39745516427d2988543bf01fc4cf0ab1149476382393e0e9c48592f6581729
  mdl (0.18.1) sha256=14c7ab8264bbeac4010bd54adb5d125cf1d29b3848c3b6bfacb239b8bc70037a
  mixlib-cli (2.1.8) sha256=e6f27be34d580f6ed71731ca46b967e57793a627131c1f6e1ed2dad39ea3bdf9
  mixlib-config (3.0.27) sha256=d7748b1898e4f16502afec1de00b5ad65c6de405114b1b0c65ec61b1a9100148
  mixlib-shellout (3.4.10) sha256=7c8a6c5a6c90922a8871ed682129c19c9b1a514eedea2e867077229e6a415f0c
  rexml (3.4.4) sha256=19e0a2c3425dfbf2d4fc1189747bdb2f849b6c5e74180401b15734bc97b5d142
  tomlrb (2.0.4) sha256=262f77947ac3ac9b3366a0a5940ecd238300c553e2e14f22009e2afcd2181b99
  uri (1.1.1) sha256=379fa58d27ffb1387eaada68c749d1426738bd0f654d812fcc07e7568f5c57c6

BUNDLED WITH
  4.0.20
